
Microsoft Visual Studio Solution File, Format Version 12.00
# Visual Studio Version 17
VisualStudioVersion = 17.5.002.0
MinimumVisualStudioVersion = 10.0.40219.1
Project("{9A19103F-16F7-4668-BE54-9A1E7A4F7556}") = "TodoApi", "TodoApi.csproj", "{19A8A94E-D626-4762-8091-5C7A0DFD5CCA}"
EndProject
Global
	GlobalSection(SolutionConfigurationPlatforms) = preSolution
		Debug|Any CPU = Debug|Any CPU
		Release|Any CPU = Release|Any CPU
	EndGlobalSection
	GlobalSection(ProjectConfigurationPlatforms) = postSolution
		{19A8A94E-D626-4762-8091-5C7A0DFD5CCA}.Debug|Any CPU.ActiveCfg = Debug|Any CPU
		{19A8A94E-D626-4762-8091-5C7A0DFD5CCA}.Debug|Any CPU.Build.0 = Debug|Any CPU
		{19A8A94E-D626-4762-8091-5C7A0DFD5CCA}.Release|Any CPU.ActiveCfg = Release|Any CPU
		{19A8A94E-D626-4762-8091-5C7A0DFD5CCA}.Release|Any CPU.Build.0 = Release|Any CPU
	EndGlobalSection
	GlobalSection(SolutionProperties) = preSolution
		HideSolutionNode = FALSE
	EndGlobalSection
	GlobalSection(ExtensibilityGlobals) = postSolution
		SolutionGuid = {85A9B897-1914-4C00-BC83-8188EB1EBEDF}
	EndGlobalSection
EndGlobal
